
Microsoft Visual Studio Solution File, Format Version 12.00
# Visual Studio Version 17
VisualStudioVersion = 17.10.34928.147
MinimumVisualStudioVersion = 10.0.40219.1
Project("{2150E333-8FDC-42A3-9474-1A3956D46DE8}") = "src", "src", "{D140AD74-CEE4-4271-97D9-41C0EF2DC30D}"
EndProject
Project("{9A19103F-16F7-4668-BE54-9A1E7A4F7556}") = "EBCustomerTask.WebUI", "src\EBCustomerTask.WebUI\EBCustomerTask.WebUI.csproj", "{8A42C567-BBDE-440F-9267-656B1C3342C0}"
EndProject
Project("{9A19103F-16F7-4668-BE54-9A1E7A4F7556}") = "EBCustomerTask.Core", "src\EBCustomerTask.Core\EBCustomerTask.Core.csproj", "{E354FA0A-105F-486B-84C9-3A8F41D89CC4}"
EndProject
Project("{9A19103F-16F7-4668-BE54-9A1E7A4F7556}") = "EBCustomerTask.Application", "src\EBCustomerTask.Application\EBCustomerTask.Application.csproj", "{857CB90F-587B-4C15-BA11-26BF9600B6D4}"
EndProject
Project("{9A19103F-16F7-4668-BE54-9A1E7A4F7556}") = "EBCustomerTask.Infrastructure", "src\EBCustomerTask.Infrastructure\EBCustomerTask.Infrastructure.csproj", "{C35BDF53-B2CC-4D74-A6D6-09D04ED7DEAF}"
EndProject
Global
	GlobalSection(SolutionConfigurationPlatforms) = preSolution
		Debug|Any CPU = Debug|Any CPU
		Release|Any CPU = Release|Any CPU
	EndGlobalSection
	GlobalSection(ProjectConfigurationPlatforms) = postSolution
		{8A42C567-BBDE-440F-9267-656B1C3342C0}.Debug|Any CPU.ActiveCfg = Debug|Any CPU
		{8A42C567-BBDE-440F-9267-656B1C3342C0}.Debug|Any CPU.Build.0 = Debug|Any CPU
		{8A42C567-BBDE-440F-9267-656B1C3342C0}.Release|Any CPU.ActiveCfg = Release|Any CPU
		{8A42C567-BBDE-440F-9267-656B1C3342C0}.Release|Any CPU.Build.0 = Release|Any CPU
		{E354FA0A-105F-486B-84C9-3A8F41D89CC4}.Debug|Any CPU.ActiveCfg = Debug|Any CPU
		{E354FA0A-105F-486B-84C9-3A8F41D89CC4}.Debug|Any CPU.Build.0 = Debug|Any CPU
		{E354FA0A-105F-486B-84C9-3A8F41D89CC4}.Release|Any CPU.ActiveCfg = Release|Any CPU
		{E354FA0A-105F-486B-84C9-3A8F41D89CC4}.Release|Any CPU.Build.0 = Release|Any CPU
		{857CB90F-587B-4C15-BA11-26BF9600B6D4}.Debug|Any CPU.ActiveCfg = Debug|Any CPU
		{857CB90F-587B-4C15-BA11-26BF9600B6D4}.Debug|Any CPU.Build.0 = Debug|Any CPU
		{857CB90F-587B-4C15-BA11-26BF9600B6D4}.Release|Any CPU.ActiveCfg = Release|Any CPU
		{857CB90F-587B-4C15-BA11-26BF9600B6D4}.Release|Any CPU.Build.0 = Release|Any CPU
		{C35BDF53-B2CC-4D74-A6D6-09D04ED7DEAF}.Debug|Any CPU.ActiveCfg = Debug|Any CPU
		{C35BDF53-B2CC-4D74-A6D6-09D04ED7DEAF}.Debug|Any CPU.Build.0 = Debug|Any CPU
		{C35BDF53-B2CC-4D74-A6D6-09D04ED7DEAF}.Release|Any CPU.ActiveCfg = Release|Any CPU
		{C35BDF53-B2CC-4D74-A6D6-09D04ED7DEAF}.Release|Any CPU.Build.0 = Release|Any CPU
	EndGlobalSection
	GlobalSection(SolutionProperties) = preSolution
		HideSolutionNode = FALSE
	EndGlobalSection
	GlobalSection(NestedProjects) = preSolution
		{8A42C567-BBDE-440F-9267-656B1C3342C0} = {D140AD74-CEE4-4271-97D9-41C0EF2DC30D}
		{E354FA0A-105F-486B-84C9-3A8F41D89CC4} = {D140AD74-CEE4-4271-97D9-41C0EF2DC30D}
		{857CB90F-587B-4C15-BA11-26BF9600B6D4} = {D140AD74-CEE4-4271-97D9-41C0EF2DC30D}
		{C35BDF53-B2CC-4D74-A6D6-09D04ED7DEAF} = {D140AD74-CEE4-4271-97D9-41C0EF2DC30D}
	EndGlobalSection
	GlobalSection(ExtensibilityGlobals) = postSolution
		SolutionGuid = {284442FE-8E76-431E-BCD8-24DF7A59A79E}
	EndGlobalSection
EndGlobal
